
Microsoft Visual Studio Solution File, Format Version 12.00
# Visual Studio Version 16
VisualStudioVersion = 16.0.30621.155
MinimumVisualStudioVersion = 10.0.40219.1
Project("{9A19103F-16F7-4668-BE54-9A1E7A4F7556}") = "MvcFriendsSite", "MvcFriendsSite\MvcFriendsSite.csproj", "{05F94BDC-E8E2-4358-88B2-9E4294FE7B80}"
EndProject
Project("{9A19103F-16F7-4668-BE54-9A1E7A4F7556}") = "BlogComponents", "BlogComponents\BlogComponents.csproj", "{7ACE47DF-74E6-43BD-9FC9-C6FE9087787D}"
EndProject
Global
	GlobalSection(SolutionConfigurationPlatforms) = preSolution
		Debug|Any CPU = Debug|Any CPU
		Release|Any CPU = Release|Any CPU
	EndGlobalSection
	GlobalSection(ProjectConfigurationPlatforms) = postSolution
		{05F94BDC-E8E2-4358-88B2-9E4294FE7B80}.Debug|Any CPU.ActiveCfg = Debug|Any CPU
		{05F94BDC-E8E2-4358-88B2-9E4294FE7B80}.Debug|Any CPU.Build.0 = Debug|Any CPU
		{05F94BDC-E8E2-4358-88B2-9E4294FE7B80}.Release|Any CPU.ActiveCfg = Release|Any CPU
		{05F94BDC-E8E2-4358-88B2-9E4294FE7B80}.Release|Any CPU.Build.0 = Release|Any CPU
		{7ACE47DF-74E6-43BD-9FC9-C6FE9087787D}.Debug|Any CPU.ActiveCfg = Debug|Any CPU
		{7ACE47DF-74E6-43BD-9FC9-C6FE9087787D}.Debug|Any CPU.Build.0 = Debug|Any CPU
		{7ACE47DF-74E6-43BD-9FC9-C6FE9087787D}.Release|Any CPU.ActiveCfg = Release|Any CPU
		{7ACE47DF-74E6-43BD-9FC9-C6FE9087787D}.Release|Any CPU.Build.0 = Release|Any CPU
	EndGlobalSection
	GlobalSection(SolutionProperties) = preSolution
		HideSolutionNode = FALSE
	EndGlobalSection
	GlobalSection(ExtensibilityGlobals) = postSolution
		SolutionGuid = {157B80EE-3557-44AE-90D7-E5B4B6DBA1FF}
	EndGlobalSection
EndGlobal
